
Microsoft Visual Studio Solution File, Format Version 12.00
# Visual Studio Version 16
VisualStudioVersion = 16.0.30114.105
MinimumVisualStudioVersion = 10.0.40219.1
Project("{2150E333-8FDC-42A3-9474-1A3956D46DE8}") = "src", "src", "{D0778E0B-5AAB-4205-B896-87E95C2B51F8}"
EndProject
Project("{FAE04EC0-301F-11D3-BF4B-00C04F79EFBC}") = "Vkloud.Sync", "src\Vkloud.Sync\Vkloud.Sync.csproj", "{FCD1CC8F-419A-45B6-A012-16DA79963893}"
EndProject
Project("{2150E333-8FDC-42A3-9474-1A3956D46DE8}") = "tests", "tests", "{1D81ADE8-A294-41C6-ADF5-AE814E416DC1}"
EndProject
Project("{FAE04EC0-301F-11D3-BF4B-00C04F79EFBC}") = "Vkloud.Sync.Testing", "tests\Vkloud.Sync.Testing\Vkloud.Sync.Testing.csproj", "{543BFF64-7C29-454C-A9DC-4AE0C1946A9C}"
EndProject
Global
	GlobalSection(SolutionConfigurationPlatforms) = preSolution
		Debug|Any CPU = Debug|Any CPU
		Debug|x64 = Debug|x64
		Debug|x86 = Debug|x86
		Release|Any CPU = Release|Any CPU
		Release|x64 = Release|x64
		Release|x86 = Release|x86
	EndGlobalSection
	GlobalSection(SolutionProperties) = preSolution
		HideSolutionNode = FALSE
	EndGlobalSection
	GlobalSection(ProjectConfigurationPlatforms) = postSolution
		{FCD1CC8F-419A-45B6-A012-16DA79963893}.Debug|Any CPU.ActiveCfg = Debug|Any CPU
		{FCD1CC8F-419A-45B6-A012-16DA79963893}.Debug|Any CPU.Build.0 = Debug|Any CPU
		{FCD1CC8F-419A-45B6-A012-16DA79963893}.Debug|x64.ActiveCfg = Debug|Any CPU
		{FCD1CC8F-419A-45B6-A012-16DA79963893}.Debug|x64.Build.0 = Debug|Any CPU
		{FCD1CC8F-419A-45B6-A012-16DA79963893}.Debug|x86.ActiveCfg = Debug|Any CPU
		{FCD1CC8F-419A-45B6-A012-16DA79963893}.Debug|x86.Build.0 = Debug|Any CPU
		{FCD1CC8F-419A-45B6-A012-16DA79963893}.Release|Any CPU.ActiveCfg = Release|Any CPU
		{FCD1CC8F-419A-45B6-A012-16DA79963893}.Release|Any CPU.Build.0 = Release|Any CPU
		{FCD1CC8F-419A-45B6-A012-16DA79963893}.Release|x64.ActiveCfg = Release|Any CPU
		{FCD1CC8F-419A-45B6-A012-16DA79963893}.Release|x64.Build.0 = Release|Any CPU
		{FCD1CC8F-419A-45B6-A012-16DA79963893}.Release|x86.ActiveCfg = Release|Any CPU
		{FCD1CC8F-419A-45B6-A012-16DA79963893}.Release|x86.Build.0 = Release|Any CPU
		{543BFF64-7C29-454C-A9DC-4AE0C1946A9C}.Debug|Any CPU.ActiveCfg = Debug|Any CPU
		{543BFF64-7C29-454C-A9DC-4AE0C1946A9C}.Debug|Any CPU.Build.0 = Debug|Any CPU
		{543BFF64-7C29-454C-A9DC-4AE0C1946A9C}.Debug|x64.ActiveCfg = Debug|Any CPU
		{543BFF64-7C29-454C-A9DC-4AE0C1946A9C}.Debug|x64.Build.0 = Debug|Any CPU
		{543BFF64-7C29-454C-A9DC-4AE0C1946A9C}.Debug|x86.ActiveCfg = Debug|Any CPU
		{543BFF64-7C29-454C-A9DC-4AE0C1946A9C}.Debug|x86.Build.0 = Debug|Any CPU
		{543BFF64-7C29-454C-A9DC-4AE0C1946A9C}.Release|Any CPU.ActiveCfg = Release|Any CPU
		{543BFF64-7C29-454C-A9DC-4AE0C1946A9C}.Release|Any CPU.Build.0 = Release|Any CPU
		{543BFF64-7C29-454C-A9DC-4AE0C1946A9C}.Release|x64.ActiveCfg = Release|Any CPU
		{543BFF64-7C29-454C-A9DC-4AE0C1946A9C}.Release|x64.Build.0 = Release|Any CPU
		{543BFF64-7C29-454C-A9DC-4AE0C1946A9C}.Release|x86.ActiveCfg = Release|Any CPU
		{543BFF64-7C29-454C-A9DC-4AE0C1946A9C}.Release|x86.Build.0 = Release|Any CPU
	EndGlobalSection
	GlobalSection(NestedProjects) = preSolution
		{FCD1CC8F-419A-45B6-A012-16DA79963893} = {D0778E0B-5AAB-4205-B896-87E95C2B51F8}
		{543BFF64-7C29-454C-A9DC-4AE0C1946A9C} = {1D81ADE8-A294-41C6-ADF5-AE814E416DC1}
	EndGlobalSection
EndGlobal
